
Microsoft Visual Studio Solution File, Format Version 12.00
# Visual Studio Version 16
VisualStudioVersion = 16.0.30804.86
MinimumVisualStudioVersion = 10.0.40219.1
Project("{9A19103F-16F7-4668-BE54-9A1E7A4F7556}") = "PetDesk.Vet.Api", "PetDesk.Vet.Api\PetDesk.Vet.Api.csproj", "{7EFF7411-CCD4-4135-B52E-DEA5E4EEA3E9}"
EndProject
Project("{FAE04EC0-301F-11D3-BF4B-00C04F79EFBC}") = "PetDesk.Vet.Api.Tests", "PetDesk.Vet.Api.Tests\PetDesk.Vet.Api.Tests.csproj", "{0165ABD0-AF5C-4D13-BD53-75869072D345}"
EndProject
Global
	GlobalSection(SolutionConfigurationPlatforms) = preSolution
		Debug|Any CPU = Debug|Any CPU
		Release|Any CPU = Release|Any CPU
	EndGlobalSection
	GlobalSection(ProjectConfigurationPlatforms) = postSolution
		{7EFF7411-CCD4-4135-B52E-DEA5E4EEA3E9}.Debug|Any CPU.ActiveCfg = Debug|Any CPU
		{7EFF7411-CCD4-4135-B52E-DEA5E4EEA3E9}.Debug|Any CPU.Build.0 = Debug|Any CPU
		{7EFF7411-CCD4-4135-B52E-DEA5E4EEA3E9}.Release|Any CPU.ActiveCfg = Release|Any CPU
		{7EFF7411-CCD4-4135-B52E-DEA5E4EEA3E9}.Release|Any CPU.Build.0 = Release|Any CPU
		{0165ABD0-AF5C-4D13-BD53-75869072D345}.Debug|Any CPU.ActiveCfg = Debug|Any CPU
		{0165ABD0-AF5C-4D13-BD53-75869072D345}.Debug|Any CPU.Build.0 = Debug|Any CPU
		{0165ABD0-AF5C-4D13-BD53-75869072D345}.Release|Any CPU.ActiveCfg = Release|Any CPU
		{0165ABD0-AF5C-4D13-BD53-75869072D345}.Release|Any CPU.Build.0 = Release|Any CPU
	EndGlobalSection
	GlobalSection(SolutionProperties) = preSolution
		HideSolutionNode = FALSE
	EndGlobalSection
	GlobalSection(ExtensibilityGlobals) = postSolution
		SolutionGuid = {5D885166-5456-42E6-B66D-A944DD7C3D10}
	EndGlobalSection
EndGlobal
